
Microsoft Visual Studio Solution File, Format Version 12.00
# Visual Studio Version 16
VisualStudioVersion = 25.0.1706.14
MinimumVisualStudioVersion = 10.0.40219.1
Project("{FAE04EC0-301F-11D3-BF4B-00C04F79EFBC}") = "Hafta2_Kapanis", "Hafta2_Kapanis\Hafta2_Kapanis.csproj", "{1C2EFD0B-3B1A-4AB8-B976-2B81A7419A1C}"
EndProject
Global
	GlobalSection(SolutionConfigurationPlatforms) = preSolution
		Debug|Any CPU = Debug|Any CPU
		Release|Any CPU = Release|Any CPU
	EndGlobalSection
	GlobalSection(ProjectConfigurationPlatforms) = postSolution
		{1C2EFD0B-3B1A-4AB8-B976-2B81A7419A1C}.Debug|Any CPU.ActiveCfg = Debug|Any CPU
		{1C2EFD0B-3B1A-4AB8-B976-2B81A7419A1C}.Debug|Any CPU.Build.0 = Debug|Any CPU
		{1C2EFD0B-3B1A-4AB8-B976-2B81A7419A1C}.Release|Any CPU.ActiveCfg = Release|Any CPU
		{1C2EFD0B-3B1A-4AB8-B976-2B81A7419A1C}.Release|Any CPU.Build.0 = Release|Any CPU
	EndGlobalSection
	GlobalSection(SolutionProperties) = preSolution
		HideSolutionNode = FALSE
	EndGlobalSection
	GlobalSection(ExtensibilityGlobals) = postSolution
		SolutionGuid = {08E23BA7-7710-4567-94AF-1F3AAA20D93E}
	EndGlobalSection
EndGlobal
